# THIS IS AN AUTOGENERATED FILE. DO NOT EDIT THIS FILE DIRECTLY.
# yarn lockfile v1


"@fortawesome/fontawesome-common-types@^0.2.21":
  version "0.2.21"
  resolved "https://registry.yarnpkg.com/@fortawesome/fontawesome-common-types/-/fontawesome-common-types-0.2.21.tgz#f1c26ae24761cca583de7cafd1273ab4c70a4d87"
  integrity sha512-iJtcrU2BtF9Wyr0zm3tHEJy3HqA6sADExhCqCv3SKaJJKKp4ORJ40t4nyHvcWXSVFtd7r1gcdqcRsAfoREGTFA==

"@fortawesome/fontawesome-svg-core@^1.2.21":
  version "1.2.21"
  resolved "https://registry.yarnpkg.com/@fortawesome/fontawesome-svg-core/-/fontawesome-svg-core-1.2.21.tgz#5b08a28d6e1ea198e002447b158abba00fd12122"
  integrity sha512-EhrgMZLJS0tTYZhUbodurZBqDgAFLDNdxJP/q5unrZJwiFo8Dd7xGvJdhAhY5WcX4khzkPQcbLTCMPHBtutD7Q==
  dependencies:
    "@fortawesome/fontawesome-common-types" "^0.2.21"

"@fortawesome/free-solid-svg-icons@^5.10.1":
  version "5.10.1"
  resolved "https://registry.yarnpkg.com/@fortawesome/free-solid-svg-icons/-/free-solid-svg-icons-5.10.1.tgz#535fd5429dbe99656de4f1a8ee42d9f8f5a7aef9"
  integrity sha512-MKH+SCt0DnVoXdemxf6JEdTRtCPwYLMCWZcwgGccYU/ab6QcDtbAMn6Xm4Zub6YqQCcaiy0hU294YdHOldSBRA==
  dependencies:
    "@fortawesome/fontawesome-common-types" "^0.2.21"

"@fortawesome/vue-fontawesome@^0.1.6":
  version "0.1.6"
  resolved "https://registry.yarnpkg.com/@fortawesome/vue-fontawesome/-/vue-fontawesome-0.1.6.tgz#18a0f4263b90f65180fc927325ba01896276ea04"
  integrity sha512-HAGRbrOuGDwwUmCYdpzR0hhNQ3EE30dOS4JiJKcoZ+S4M210CxyU0OXCgzIg3HzK/23rlpHbV8zi9PDDZDnuIw==

acorn-jsx@^5.0.0:
  version "5.0.1"
  resolved "https://registry.yarnpkg.com/acorn-jsx/-/acorn-jsx-5.0.1.tgz#32a064fd925429216a09b141102bfdd185fae40e"
  integrity sha512-HJ7CfNHrfJLlNTzIEUTj43LNWGkqpRLxm3YjAlcD0ACydk9XynzYsCBHxut+iqt+1aBXkx9UP/w/ZqMr13XIzg==

acorn@^6.0.7:
  version "6.2.1"
  resolved "https://registry.yarnpkg.com/acorn/-/acorn-6.2.1.tgz#3ed8422d6dec09e6121cc7a843ca86a330a86b51"
  integrity sha512-JD0xT5FCRDNyjDda3Lrg/IxFscp9q4tiYtxE1/nOzlKCk7hIRuYjhq1kCNkbPjMRMZuFq20HNQn1I9k8Oj0E+Q==

axios@^0.19.0:
  version "0.19.0"
  resolved "https://registry.yarnpkg.com/axios/-/axios-0.19.0.tgz#8e09bff3d9122e133f7b8101c8fbdd00ed3d2ab8"
  integrity sha512-1uvKqKQta3KBxIz14F2v06AEHZ/dIoeKfbTRkK1E5oqjDnuEerLmYTgJB5AiQZHJcljpg1TuRzdjDR06qNk0DQ==
  dependencies:
    follow-redirects "1.5.10"
    is-buffer "^2.0.2"

bulma@^0.7.5:
  version "0.7.5"
  resolved "https://registry.yarnpkg.com/bulma/-/bulma-0.7.5.tgz#35066c37f82c088b68f94450be758fc00a967208"
  integrity sha512-cX98TIn0I6sKba/DhW0FBjtaDpxTelU166pf7ICXpCCuplHWyu6C9LYZmL5PEsnePIeJaiorsTEzzNk3Tsm1hw==

debug@=3.1.0:
  version "3.1.0"
  resolved "https://registry.yarnpkg.com/debug/-/debug-3.1.0.tgz#5bb5a0672628b64149566ba16819e61518c67261"
  integrity sha512-OX8XqP7/1a9cqkxYw2yXss15f26NKWBpDXQd0/uK/KPqdQhxbPa994hnzjcE2VqQpDslf55723cKPUOGSmMY3g==
  dependencies:
    ms "2.0.0"

debug@^4.1.1:
  version "4.1.1"
  resolved "https://registry.yarnpkg.com/debug/-/debug-4.1.1.tgz#3b72260255109c6b589cee050f1d516139664791"
  integrity sha512-pYAIzeRo8J6KPEaJ0VWOh5Pzkbw/RetuzehGM7QRRX5he4fPHx2rdKMB256ehJCkX+XRQm16eZLqLNS8RSZXZw==
  dependencies:
    ms "^2.1.1"

eslint-scope@^4.0.0:
  version "4.0.3"
  resolved "https://registry.yarnpkg.com/eslint-scope/-/eslint-scope-4.0.3.tgz#ca03833310f6889a3264781aa82e63eb9cfe7848"
  integrity sha512-p7VutNr1O/QrxysMo3E45FjYDTeXBy0iTltPFNSqKAIfjDSXC+4dj+qfyuD8bfAXrW/y6lW3O76VaYNPKfpKrg==
  dependencies:
    esrecurse "^4.1.0"
    estraverse "^4.1.1"

eslint-visitor-keys@^1.0.0:
  version "1.0.0"
  resolved "https://registry.yarnpkg.com/eslint-visitor-keys/-/eslint-visitor-keys-1.0.0.tgz#3f3180fb2e291017716acb4c9d6d5b5c34a6a81d"
  integrity sha512-qzm/XxIbxm/FHyH341ZrbnMUpe+5Bocte9xkmFMzPMjRaZMcXww+MpBptFvtU+79L362nqiLhekCxCxDPaUMBQ==

espree@^5.0.0:
  version "5.0.1"
  resolved "https://registry.yarnpkg.com/espree/-/espree-5.0.1.tgz#5d6526fa4fc7f0788a5cf75b15f30323e2f81f7a"
  integrity sha512-qWAZcWh4XE/RwzLJejfcofscgMc9CamR6Tn1+XRXNzrvUSSbiAjGOI/fggztjIi7y9VLPqnICMIPiGyr8JaZ0A==
  dependencies:
    acorn "^6.0.7"
    acorn-jsx "^5.0.0"
    eslint-visitor-keys "^1.0.0"

esquery@^1.0.1:
  version "1.0.1"
  resolved "https://registry.yarnpkg.com/esquery/-/esquery-1.0.1.tgz#406c51658b1f5991a5f9b62b1dc25b00e3e5c708"
  integrity sha512-SmiyZ5zIWH9VM+SRUReLS5Q8a7GxtRdxEBVZpm98rJM7Sb+A9DVCndXfkeFUd3byderg+EbDkfnevfCwynWaNA==
  dependencies:
    estraverse "^4.0.0"

esrecurse@^4.1.0:
  version "4.2.1"
  resolved "https://registry.yarnpkg.com/esrecurse/-/esrecurse-4.2.1.tgz#007a3b9fdbc2b3bb87e4879ea19c92fdbd3942cf"
  integrity sha512-64RBB++fIOAXPw3P9cy89qfMlvZEXZkqqJkjqqXIvzP5ezRZjW+lPWjw35UX/3EhUPFYbg5ER4JYgDw4007/DQ==
  dependencies:
    estraverse "^4.1.0"

estraverse@^4.0.0, estraverse@^4.1.0, estraverse@^4.1.1:
  version "4.2.0"
  resolved "https://registry.yarnpkg.com/estraverse/-/estraverse-4.2.0.tgz#0dee3fed31fcd469618ce7342099fc1afa0bdb13"
  integrity sha1-De4/7TH81GlhjOc0IJn8GvoL2xM=

follow-redirects@1.5.10:
  version "1.5.10"
  resolved "https://registry.yarnpkg.com/follow-redirects/-/follow-redirects-1.5.10.tgz#7b7a9f9aea2fdff36786a94ff643ed07f4ff5e2a"
  integrity sha512-0V5l4Cizzvqt5D44aTXbFZz+FtyXV1vrDN6qrelxtfYQKW0KO0W2T/hkE8xvGa/540LkZlkaUjO4ailYTFtHVQ==
  dependencies:
    debug "=3.1.0"

is-buffer@^2.0.2:
  version "2.0.3"
  resolved "https://registry.yarnpkg.com/is-buffer/-/is-buffer-2.0.3.tgz#4ecf3fcf749cbd1e472689e109ac66261a25e725"
  integrity sha512-U15Q7MXTuZlrbymiz95PJpZxu8IlipAp4dtS3wOdgPXx3mqBnslrWU14kxfHB+Py/+2PVKSr37dMAgM2A4uArw==

lodash@^4.17.11:
  version "4.17.15"
  resolved "https://registry.yarnpkg.com/lodash/-/lodash-4.17.15.tgz#b447f6670a0455bbfeedd11392eff330ea097548"
  integrity sha512-8xOcRHvCjnocdS5cpwXQXVzmmh5e5+saE2QGoeQmbKmRS6J3VQppPOIt0MnmE+4xlZoumy0GPG0D0MVIQbNA1A==

ms@2.0.0:
  version "2.0.0"
  resolved "https://registry.yarnpkg.com/ms/-/ms-2.0.0.tgz#5608aeadfc00be6c2901df5f9861788de0d597c8"
  integrity sha1-VgiurfwAvmwpAd9fmGF4jeDVl8g=

ms@^2.1.1:
  version "2.1.2"
  resolved "https://registry.yarnpkg.com/ms/-/ms-2.1.2.tgz#d09d1f357b443f493382a8eb3ccd183872ae6009"
  integrity sha512-sGkPx+VjMtmA6MX27oA4FBFELFCZZ4S4XqeGOXCv68tT+jb3vk/RyaKWP0PTKyWtmLSM0b+adUTEvbs1PEaH2w==

vue-eslint-parser@^6.0.4:
  version "6.0.4"
  resolved "https://registry.yarnpkg.com/vue-eslint-parser/-/vue-eslint-parser-6.0.4.tgz#56ff47e2c2644bff39951d5a284982c7ecd6f7fa"
  integrity sha512-GYsDsDWwKaGtnkW4nGUxr01wqIO2FB9/QHQTW1Gl5SUr5OyQvpnR90/D+Gq2cIxURX7aJ7+VyD+37Yx9eFwTgw==
  dependencies:
    debug "^4.1.1"
    eslint-scope "^4.0.0"
    eslint-visitor-keys "^1.0.0"
    espree "^5.0.0"
    esquery "^1.0.1"
    lodash "^4.17.11"

vue-router@^3.1.1:
  version "3.1.1"
  resolved "https://registry.yarnpkg.com/vue-router/-/vue-router-3.1.1.tgz#0893c29548ba2dbe35ed104dcd1aa06743aa0ead"
  integrity sha512-RAFCIQjs4gbDV7YNH44c1GT0jXSTFvNhKh3o0xiA/UWI1EM7Eriv45n8kM+R8NZ58wXEGtKVaDVBlrXJBuM/Bg==

vue@^2.6.10:
  version "2.6.10"
  resolved "https://registry.yarnpkg.com/vue/-/vue-2.6.10.tgz#a72b1a42a4d82a721ea438d1b6bf55e66195c637"
  integrity sha512-ImThpeNU9HbdZL3utgMCq0oiMzAkt1mcgy3/E6zWC/G6AaQoeuFdsl9nDhTDU3X1R6FK7nsIUuRACVcjI+A2GQ==

vuex@^3.1.1:
  version "3.1.1"
  resolved "https://registry.yarnpkg.com/vuex/-/vuex-3.1.1.tgz#0c264bfe30cdbccf96ab9db3177d211828a5910e"
  integrity sha512-ER5moSbLZuNSMBFnEBVGhQ1uCBNJslH9W/Dw2W7GZN23UQA69uapP5GTT9Vm8Trc0PzBSVt6LzF3hGjmv41xcg==
